
Microsoft Visual Studio Solution File, Format Version 12.00
# Visual Studio Version 17
VisualStudioVersion = 17.7.34024.191
MinimumVisualStudioVersion = 10.0.40219.1
Project("{FAE04EC0-301F-11D3-BF4B-00C04F79EFBC}") = "adonet-db-videogame", "adonet-db-videogame\adonet-db-videogame.csproj", "{F129D001-F3A9-4E6B-A458-553189A9E19A}"
EndProject
Global
	GlobalSection(SolutionConfigurationPlatforms) = preSolution
		Debug|Any CPU = Debug|Any CPU
		Release|Any CPU = Release|Any CPU
	EndGlobalSection
	GlobalSection(ProjectConfigurationPlatforms) = postSolution
		{F129D001-F3A9-4E6B-A458-553189A9E19A}.Debug|Any CPU.ActiveCfg = Debug|Any CPU
		{F129D001-F3A9-4E6B-A458-553189A9E19A}.Debug|Any CPU.Build.0 = Debug|Any CPU
		{F129D001-F3A9-4E6B-A458-553189A9E19A}.Release|Any CPU.ActiveCfg = Release|Any CPU
		{F129D001-F3A9-4E6B-A458-553189A9E19A}.Release|Any CPU.Build.0 = Release|Any CPU
	EndGlobalSection
	GlobalSection(SolutionProperties) = preSolution
		HideSolutionNode = FALSE
	EndGlobalSection
	GlobalSection(ExtensibilityGlobals) = postSolution
		SolutionGuid = {7D5EB7A2-938B-4EDF-A6AF-4F3A1583988D}
	EndGlobalSection
EndGlobal
